
Microsoft Visual Studio Solution File, Format Version 12.00
# Visual Studio Version 17
VisualStudioVersion = 17.4.33103.184
MinimumVisualStudioVersion = 10.0.40219.1
Project("{FAE04EC0-301F-11D3-BF4B-00C04F79EFBC}") = "MyPortfolio", "MyPortfolio.csproj", "{8A6BFE85-FC27-4095-B6B4-A35B89D16E50}"
EndProject
Global
	GlobalSection(SolutionConfigurationPlatforms) = preSolution
		Debug|Any CPU = Debug|Any CPU
		Release|Any CPU = Release|Any CPU
	EndGlobalSection
	GlobalSection(ProjectConfigurationPlatforms) = postSolution
		{8A6BFE85-FC27-4095-B6B4-A35B89D16E50}.Debug|Any CPU.ActiveCfg = Debug|Any CPU
		{8A6BFE85-FC27-4095-B6B4-A35B89D16E50}.Debug|Any CPU.Build.0 = Debug|Any CPU
		{8A6BFE85-FC27-4095-B6B4-A35B89D16E50}.Release|Any CPU.ActiveCfg = Release|Any CPU
		{8A6BFE85-FC27-4095-B6B4-A35B89D16E50}.Release|Any CPU.Build.0 = Release|Any CPU
	EndGlobalSection
	GlobalSection(SolutionProperties) = preSolution
		HideSolutionNode = FALSE
	EndGlobalSection
	GlobalSection(ExtensibilityGlobals) = postSolution
		SolutionGuid = {295ABDB3-61DF-47EE-B212-B6C96A477CAD}
	EndGlobalSection
EndGlobal
